// !$*UTF8*$!
{
	archiveVersion = 1;
	classes = {
	};
	objectVersion = 77;
	objects = {

/* Begin PBXContainerItemProxy section */
		6E43B6FB2D8DF59600C2D4AA /* PBXContainerItemProxy */ = {
			isa = PBXContainerItemProxy;
			containerPortal = 6E43B6DE2D8DF59400C2D4AA /* Project object */;
			proxyType = 1;
			remoteGlobalIDString = 6E43B6E52D8DF59400C2D4AA;
			remoteInfo = aidvisors;
		};
		6E43B7052D8DF59600C2D4AA /* PBXContainerItemProxy */ = {
			isa = PBXContainerItemProxy;
			containerPortal = 6E43B6DE2D8DF59400C2D4AA /* Project object */;
			proxyType = 1;
			remoteGlobalIDString = 6E43B6E52D8DF59400C2D4AA;
			remoteInfo = aidvisors;
		};
/* End PBXContainerItemProxy section */

/* Begin PBXFileReference section */
		6E43B6E62D8DF59400C2D4AA /* aidvisors.app */ = {isa = PBXFileReference; explicitFileType = wrapper.application; includeInIndex = 0; path = aidvisors.app; sourceTree = BUILT_PRODUCTS_DIR; };
		6E43B6FA2D8DF59600C2D4AA /* aidvisorsTests.xctest */ = {isa = PBXFileReference; explicitFileType = wrapper.cfbundle; includeInIndex = 0; path = aidvisorsTests.xctest; sourceTree = BUILT_PRODUCTS_DIR; };
		6E43B7042D8DF59600C2D4AA /* aidvisorsUITests.xctest */ = {isa = PBXFileReference; explicitFileType = wrapper.cfbundle; includeInIndex = 0; path = aidvisorsUITests.xctest; sourceTree = BUILT_PRODUCTS_DIR; };
/* End PBXFileReference section */

/* Begin PBXFileSystemSynchronizedBuildFileExceptionSet section */
		6E43B70C2D8DF59600C2D4AA /* Exceptions for "aidvisors" folder in "aidvisors" target */ = {
			isa = PBXFileSystemSynchronizedBuildFileExceptionSet;
			membershipExceptions = (
				Info.plist,
			);
			target = 6E43B6E52D8DF59400C2D4AA /* aidvisors */;
		};
/* End PBXFileSystemSynchronizedBuildFileExceptionSet section */

/* Begin PBXFileSystemSynchronizedRootGroup section */
		6E43B6E82D8DF59400C2D4AA /* aidvisors */ = {
			isa = PBXFileSystemSynchronizedRootGroup;
			exceptions = (
				6E43B70C2D8DF59600C2D4AA /* Exceptions for "aidvisors" folder in "aidvisors" target */,
			);
			path = aidvisors;
			sourceTree = "<group>";
		};
		6E43B6FD2D8DF59600C2D4AA /* aidvisorsTests */ = {
			isa = PBXFileSystemSynchronizedRootGroup;
			path = aidvisorsTests;
			sourceTree = "<group>";
		};
		6E43B7072D8DF59600C2D4AA /* aidvisorsUITests */ = {
			isa = PBXFileSystemSynchronizedRootGroup;
			path = aidvisorsUITests;
			sourceTree = "<group>";
		};
/* End PBXFileSystemSynchronizedRootGroup section */

/* Begin PBXFrameworksBuildPhase section */
		6E43B6E32D8DF59400C2D4AA /* Frameworks */ = {
			isa = PBXFrameworksBuildPhase;
			buildActionMask = 2147483647;
			files = (
			);
			runOnlyForDeploymentPostprocessing = 0;
		};
		6E43B6F72D8DF59600C2D4AA /* Frameworks */ = {
			isa = PBXFrameworksBuildPhase;
			buildActionMask = 2147483647;
			files = (
			);
			runOnlyForDeploymentPostprocessing = 0;
		};
		6E43B7012D8DF59600C2D4AA /* Frameworks */ = {
			isa = PBXFrameworksBuildPhase;
			buildActionMask = 2147483647;
			files = (
			);
			runOnlyForDeploymentPostprocessing = 0;
		};
/* End PBXFrameworksBuildPhase section */

/* Begin PBXGroup section */
		6E43B6DD2D8DF59400C2D4AA = {
			isa = PBXGroup;
			children = (
				6E43B6E82D8DF59400C2D4AA /* aidvisors */,
				6E43B6FD2D8DF59600C2D4AA /* aidvisorsTests */,
				6E43B7072D8DF59600C2D4AA /* aidvisorsUITests */,
				6E43B6E72D8DF59400C2D4AA /* Products */,
			);
			sourceTree = "<group>";
		};
		6E43B6E72D8DF59400C2D4AA /* Products */ = {
			isa = PBXGroup;
			children = (
				6E43B6E62D8DF59400C2D4AA /* aidvisors.app */,
				6E43B6FA2D8DF59600C2D4AA /* aidvisorsTests.xctest */,
				6E43B7042D8DF59600C2D4AA /* aidvisorsUITests.xctest */,
			);
			name = Products;
			sourceTree = "<group>";
		};
/* End PBXGroup section */

/* Begin PBXNativeTarget section */
		6E43B6E52D8DF59400C2D4AA /* aidvisors */ = {
			isa = PBXNativeTarget;
			buildConfigurationList = 6E43B70D2D8DF59700C2D4AA /* Build configuration list for PBXNativeTarget "aidvisors" */;
			buildPhases = (
				6E43B6E22D8DF59400C2D4AA /* Sources */,
				6E43B6E32D8DF59400C2D4AA /* Frameworks */,
				6E43B6E42D8DF59400C2D4AA /* Resources */,
			);
			buildRules = (
			);
			dependencies = (
			);
			fileSystemSynchronizedGroups = (
				6E43B6E82D8DF59400C2D4AA /* aidvisors */,
			);
			name = aidvisors;
			packageProductDependencies = (
			);
			productName = aidvisors;
			productReference = 6E43B6E62D8DF59400C2D4AA /* aidvisors.app */;
			productType = "com.apple.product-type.application";
		};
		6E43B6F92D8DF59600C2D4AA /* aidvisorsTests */ = {
			isa = PBXNativeTarget;
			buildConfigurationList = 6E43B7122D8DF59700C2D4AA /* Build configuration list for PBXNativeTarget "aidvisorsTests" */;
			buildPhases = (
				6E43B6F62D8DF59600C2D4AA /* Sources */,
				6E43B6F72D8DF59600C2D4AA /* Frameworks */,
				6E43B6F82D8DF59600C2D4AA /* Resources */,
			);
			buildRules = (
			);
			dependencies = (
				6E43B6FC2D8DF59600C2D4AA /* PBXTargetDependency */,
			);
			fileSystemSynchronizedGroups = (
				6E43B6FD2D8DF59600C2D4AA /* aidvisorsTests */,
			);
			name = aidvisorsTests;
			packageProductDependencies = (
			);
			productName = aidvisorsTests;
			productReference = 6E43B6FA2D8DF59600C2D4AA /* aidvisorsTests.xctest */;
			productType = "com.apple.product-type.bundle.unit-test";
		};
		6E43B7032D8DF59600C2D4AA /* aidvisorsUITests */ = {
			isa = PBXNativeTarget;
			buildConfigurationList = 6E43B7152D8DF59700C2D4AA /* Build configuration list for PBXNativeTarget "aidvisorsUITests" */;
			buildPhases = (
				6E43B7002D8DF59600C2D4AA /* Sources */,
				6E43B7012D8DF59600C2D4AA /* Frameworks */,
				6E43B7022D8DF59600C2D4AA /* Resources */,
			);
			buildRules = (
			);
			dependencies = (
				6E43B7062D8DF59600C2D4AA /* PBXTargetDependency */,
			);
			fileSystemSynchronizedGroups = (
				6E43B7072D8DF59600C2D4AA /* aidvisorsUITests */,
			);
			name = aidvisorsUITests;
			packageProductDependencies = (
			);
			productName = aidvisorsUITests;
			productReference = 6E43B7042D8DF59600C2D4AA /* aidvisorsUITests.xctest */;
			productType = "com.apple.product-type.bundle.ui-testing";
		};
/* End PBXNativeTarget section */

/* Begin PBXProject section */
		6E43B6DE2D8DF59400C2D4AA /* Project object */ = {
			isa = PBXProject;
			attributes = {
				BuildIndependentTargetsInParallel = 1;
				LastSwiftUpdateCheck = 1620;
				LastUpgradeCheck = 1620;
				TargetAttributes = {
					6E43B6E52D8DF59400C2D4AA = {
						CreatedOnToolsVersion = 16.2;
					};
					6E43B6F92D8DF59600C2D4AA = {
						CreatedOnToolsVersion = 16.2;
						TestTargetID = 6E43B6E52D8DF59400C2D4AA;
					};
					6E43B7032D8DF59600C2D4AA = {
						CreatedOnToolsVersion = 16.2;
						TestTargetID = 6E43B6E52D8DF59400C2D4AA;
					};
				};
			};
			buildConfigurationList = 6E43B6E12D8DF59400C2D4AA /* Build configuration list for PBXProject "aidvisors" */;
			developmentRegion = en;
			hasScannedForEncodings = 0;
			knownRegions = (
				en,
				Base,
			);
			mainGroup = 6E43B6DD2D8DF59400C2D4AA;
			minimizedProjectReferenceProxies = 1;
			preferredProjectObjectVersion = 77;
			productRefGroup = 6E43B6E72D8DF59400C2D4AA /* Products */;
			projectDirPath = "";
			projectRoot = "";
			targets = (
				6E43B6E52D8DF59400C2D4AA /* aidvisors */,
				6E43B6F92D8DF59600C2D4AA /* aidvisorsTests */,
				6E43B7032D8DF59600C2D4AA /* aidvisorsUITests */,
			);
		};
/* End PBXProject section */

/* Begin PBXResourcesBuildPhase section */
		6E43B6E42D8DF59400C2D4AA /* Resources */ = {
			isa = PBXResourcesBuildPhase;
			buildActionMask = 2147483647;
			files = (
			);
			runOnlyForDeploymentPostprocessing = 0;
		};
		6E43B6F82D8DF59600C2D4AA /* Resources */ = {
			isa = PBXResourcesBuildPhase;
			buildActionMask = 2147483647;
			files = (
			);
			runOnlyForDeploymentPostprocessing = 0;
		};
		6E43B7022D8DF59600C2D4AA /* Resources */ = {
			isa = PBXResourcesBuildPhase;
			buildActionMask = 2147483647;
			files = (
			);
			runOnlyForDeploymentPostprocessing = 0;
		};
/* End PBXResourcesBuildPhase section */

/* Begin PBXSourcesBuildPhase section */
		6E43B6E22D8DF59400C2D4AA /* Sources */ = {
			isa = PBXSourcesBuildPhase;
			buildActionMask = 2147483647;
			files = (
			);
			runOnlyForDeploymentPostprocessing = 0;
		};
		6E43B6F62D8DF59600C2D4AA /* Sources */ = {
			isa = PBXSourcesBuildPhase;
			buildActionMask = 2147483647;
			files = (
			);
			runOnlyForDeploymentPostprocessing = 0;
		};
		6E43B7002D8DF59600C2D4AA /* Sources */ = {
			isa = PBXSourcesBuildPhase;
			buildActionMask = 2147483647;
			files = (
			);
			runOnlyForDeploymentPostprocessing = 0;
		};
/* End PBXSourcesBuildPhase section */

/* Begin PBXTargetDependency section */
		6E43B6FC2D8DF59600C2D4AA /* PBXTargetDependency */ = {
			isa = PBXTargetDependency;
			target = 6E43B6E52D8DF59400C2D4AA /* aidvisors */;
			targetProxy = 6E43B6FB2D8DF59600C2D4AA /* PBXContainerItemProxy */;
		};
		6E43B7062D8DF59600C2D4AA /* PBXTargetDependency */ = {
			isa = PBXTargetDependency;
			target = 6E43B6E52D8DF59400C2D4AA /* aidvisors */;
			targetProxy = 6E43B7052D8DF59600C2D4AA /* PBXContainerItemProxy */;
		};
/* End PBXTargetDependency section */

/* Begin XCBuildConfiguration section */
		6E43B70E2D8DF59700C2D4AA /* Debug */ = {
			isa = XCBuildConfiguration;
			buildSettings = {
				ASSETCATALOG_COMPILER_APPICON_NAME = AppIcon;
				ASSETCATALOG_COMPILER_GLOBAL_ACCENT_COLOR_NAME = AccentColor;
				CODE_SIGN_ENTITLEMENTS = aidvisors/aidvisors.entitlements;
				CODE_SIGN_STYLE = Automatic;
				CURRENT_PROJECT_VERSION = 1;
				DEVELOPMENT_ASSET_PATHS = "\"aidvisors/Preview Content\"";
				DEVELOPMENT_TEAM = CRX49A77B2;
				ENABLE_HARDENED_RUNTIME = YES;
				ENABLE_PREVIEWS = YES;
				GENERATE_INFOPLIST_FILE = YES;
				INFOPLIST_FILE = aidvisors/Info.plist;
				"INFOPLIST_KEY_UIApplicationSceneManifest_Generation[sdk=iphoneos*]" = YES;
				"INFOPLIST_KEY_UIApplicationSceneManifest_Generation[sdk=iphonesimulator*]" = YES;
				"INFOPLIST_KEY_UIApplicationSupportsIndirectInputEvents[sdk=iphoneos*]" = YES;
				"INFOPLIST_KEY_UIApplicationSupportsIndirectInputEvents[sdk=iphonesimulator*]" = YES;
				"INFOPLIST_KEY_UILaunchScreen_Generation[sdk=iphoneos*]" = YES;
				"INFOPLIST_KEY_UILaunchScreen_Generation[sdk=iphonesimulator*]" = YES;
				"INFOPLIST_KEY_UIStatusBarStyle[sdk=iphoneos*]" = UIStatusBarStyleDefault;
				"INFOPLIST_KEY_UIStatusBarStyle[sdk=iphonesimulator*]" = UIStatusBarStyleDefault;
				INFOPLIST_KEY_UISupportedInterfaceOrientations_iPad = "UIInterfaceOrientationPortrait UIInterfaceOrientationPortraitUpsideDown UIInterfaceOrientationLandscapeLeft UIInterfaceOrientationLandscapeRight";
				INFOPLIST_KEY_UISupportedInterfaceOrientations_iPhone = "UIInterfaceOrientationPortrait UIInterfaceOrientationLandscapeLeft UIInterfaceOrientationLandscapeRight";
				IPHONEOS_DEPLOYMENT_TARGET = 18.2;
				LD_RUNPATH_SEARCH_PATHS = "@executable_path/Frameworks";
				"LD_RUNPATH_SEARCH_PATHS[sdk=macosx*]" = "@executable_path/../Frameworks";
				MACOSX_DEPLOYMENT_TARGET = 14.0;
				MARKETING_VERSION = 1.0;
				PRODUCT_BUNDLE_IDENTIFIER = rory.aidvisors;
				"PRODUCT_BUNDLE_IDENTIFIER[sdk=iphoneos*]" = rorygeddes;
				"PRODUCT_BUNDLE_IDENTIFIER[sdk=macosx*]" = rorygeddes;
				"PRODUCT_BUNDLE_IDENTIFIER[sdk=xros*]" = rorygeddes;
				PRODUCT_NAME = "$(TARGET_NAME)";
				SDKROOT = auto;
				SUPPORTED_PLATFORMS = "iphoneos iphonesimulator macosx xros xrsimulator";
				SWIFT_EMIT_LOC_STRINGS = YES;
				SWIFT_VERSION = 5.0;
				TARGETED_DEVICE_FAMILY = "1,2,7";
				XROS_DEPLOYMENT_TARGET = 2.2;
			};
			name = Debug;
		};
		6E43B70F2D8DF59700C2D4AA /* Release */ = {
			isa = XCBuildConfiguration;
			buildSettings = {
				ASSETCATALOG_COMPILER_APPICON_NAME = AppIcon;
				ASSETCATALOG_COMPILER_GLOBAL_ACCENT_COLOR_NAME = AccentColor;
				CODE_SIGN_ENTITLEMENTS = aidvisors/aidvisors.entitlements;
				CODE_SIGN_STYLE = Automatic;
				CURRENT_PROJECT_VERSION = 1;
				DEVELOPMENT_ASSET_PATHS = "\"aidvisors/Preview Content\"";
				DEVELOPMENT_TEAM = CRX49A77B2;
				ENABLE_HARDENED_RUNTIME = YES;
				ENABLE_PREVIEWS = YES;
				GENERATE_INFOPLIST_FILE = YES;
				INFOPLIST_FILE = aidvisors/Info.plist;
				"INFOPLIST_KEY_UIApplicationSceneManifest_Generation[sdk=iphoneos*]" = YES;
				"INFOPLIST_KEY_UIApplicationSceneManifest_Generation[sdk=iphonesimulator*]" = YES;
				"INFOPLIST_KEY_UIApplicationSupportsIndirectInputEvents[sdk=iphoneos*]" = YES;
				"INFOPLIST_KEY_UIApplicationSupportsIndirectInputEvents[sdk=iphonesimulator*]" = YES;
				"INFOPLIST_KEY_UILaunchScreen_Generation[sdk=iphoneos*]" = YES;
				"INFOPLIST_KEY_UILaunchScreen_Generation[sdk=iphonesimulator*]" = YES;
				"INFOPLIST_KEY_UIStatusBarStyle[sdk=iphoneos*]" = UIStatusBarStyleDefault;
				"INFOPLIST_KEY_UIStatusBarStyle[sdk=iphonesimulator*]" = UIStatusBarStyleDefault;
				INFOPLIST_KEY_UISupportedInterfaceOrientations_iPad = "UIInterfaceOrientationPortrait UIInterfaceOrientationPortraitUpsideDown UIInterfaceOrientationLandscapeLeft UIInterfaceOrientationLandscapeRight";
				INFOPLIST_KEY_UISupportedInterfaceOrientations_iPhone = "UIInterfaceOrientationPortrait UIInterfaceOrientationLandscapeLeft UIInterfaceOrientationLandscapeRight";
				IPHONEOS_DEPLOYMENT_TARGET = 18.2;
				LD_RUNPATH_SEARCH_PATHS = "@executable_path/Frameworks";
				"LD_RUNPATH_SEARCH_PATHS[sdk=macosx*]" = "@executable_path/../Frameworks";
				MACOSX_DEPLOYMENT_TARGET = 14.0;
				MARKETING_VERSION = 1.0;
				PRODUCT_BUNDLE_IDENTIFIER = rory.aidvisors;
				"PRODUCT_BUNDLE_IDENTIFIER[sdk=iphoneos*]" = rorygeddes;
				"PRODUCT_BUNDLE_IDENTIFIER[sdk=macosx*]" = rorygeddes;
				"PRODUCT_BUNDLE_IDENTIFIER[sdk=xros*]" = rorygeddes;
				PRODUCT_NAME = "$(TARGET_NAME)";
				SDKROOT = auto;
				SUPPORTED_PLATFORMS = "iphoneos iphonesimulator macosx xros xrsimulator";
				SWIFT_EMIT_LOC_STRINGS = YES;
				SWIFT_VERSION = 5.0;
				TARGETED_DEVICE_FAMILY = "1,2,7";
				XROS_DEPLOYMENT_TARGET = 2.2;
			};
			name = Release;
		};
		6E43B7102D8DF59700C2D4AA /* Debug */ = {
			isa = XCBuildConfiguration;
			buildSettings = {
				ALWAYS_SEARCH_USER_PATHS = NO;
				ASSETCATALOG_COMPILER_GENERATE_SWIFT_ASSET_SYMBOL_EXTENSIONS = YES;
				CLANG_ANALYZER_NONNULL = YES;
				CLANG_ANALYZER_NUMBER_OBJECT_CONVERSION = YES_AGGRESSIVE;
				CLANG_CXX_LANGUAGE_STANDARD = "gnu++20";
				CLANG_ENABLE_MODULES = YES;
				CLANG_ENABLE_OBJC_ARC = YES;
				CLANG_ENABLE_OBJC_WEAK = YES;
				CLANG_WARN_BLOCK_CAPTURE_AUTORELEASING = YES;
				CLANG_WARN_BOOL_CONVERSION = YES;
				CLANG_WARN_COMMA = YES;
				CLANG_WARN_CONSTANT_CONVERSION = YES;
				CLANG_WARN_DEPRECATED_OBJC_IMPLEMENTATIONS = YES;
				CLANG_WARN_DIRECT_OBJC_ISA_USAGE = YES_ERROR;
				CLANG_WARN_DOCUMENTATION_COMMENTS = YES;
				CLANG_WARN_EMPTY_BODY = YES;
				CLANG_WARN_ENUM_CONVERSION = YES;
				CLANG_WARN_INFINITE_RECURSION = YES;
				CLANG_WARN_INT_CONVERSION = YES;
				CLANG_WARN_NON_LITERAL_NULL_CONVERSION = YES;
				CLANG_WARN_OBJC_IMPLICIT_RETAIN_SELF = YES;
				CLANG_WARN_OBJC_LITERAL_CONVERSION = YES;
				CLANG_WARN_OBJC_ROOT_CLASS = YES_ERROR;
				CLANG_WARN_QUOTED_INCLUDE_IN_FRAMEWORK_HEADER = YES;
				CLANG_WARN_RANGE_LOOP_ANALYSIS = YES;
				CLANG_WARN_STRICT_PROTOTYPES = YES;
				CLANG_WARN_SUSPICIOUS_MOVE = YES;
				CLANG_WARN_UNGUARDED_AVAILABILITY = YES_AGGRESSIVE;
				CLANG_WARN_UNREACHABLE_CODE = YES;
				CLANG_WARN__DUPLICATE_METHOD_MATCH = YES;
				COPY_PHASE_STRIP = NO;
				DEBUG_INFORMATION_FORMAT = dwarf;
				ENABLE_STRICT_OBJC_MSGSEND = YES;
				ENABLE_TESTABILITY = YES;
				ENABLE_USER_SCRIPT_SANDBOXING = YES;
				GCC_C_LANGUAGE_STANDARD = gnu17;
				GCC_DYNAMIC_NO_PIC = NO;
				GCC_NO_COMMON_BLOCKS = YES;
				GCC_OPTIMIZATION_LEVEL = 0;
				GCC_PREPROCESSOR_DEFINITIONS = (
					"DEBUG=1",
					"$(inherited)",
				);
				GCC_WARN_64_TO_32_BIT_CONVERSION = YES;
				GCC_WARN_ABOUT_RETURN_TYPE = YES_ERROR;
				GCC_WARN_UNDECLARED_SELECTOR = YES;
				GCC_WARN_UNINITIALIZED_AUTOS = YES_AGGRESSIVE;
				GCC_WARN_UNUSED_FUNCTION = YES;
				GCC_WARN_UNUSED_VARIABLE = YES;
				LOCALIZATION_PREFERS_STRING_CATALOGS = YES;
				MTL_ENABLE_DEBUG_INFO = INCLUDE_SOURCE;
				MTL_FAST_MATH = YES;
				ONLY_ACTIVE_ARCH = YES;
				SWIFT_ACTIVE_COMPILATION_CONDITIONS = "DEBUG $(inherited)";
				SWIFT_OPTIMIZATION_LEVEL = "-Onone";
			};
			name = Debug;
		};
		6E43B7112D8DF59700C2D4AA /* Release */ = {
			isa = XCBuildConfiguration;
			buildSettings = {
				ALWAYS_SEARCH_USER_PATHS = NO;
				ASSETCATALOG_COMPILER_GENERATE_SWIFT_ASSET_SYMBOL_EXTENSIONS = YES;
				CLANG_ANALYZER_NONNULL = YES;
				CLANG_ANALYZER_NUMBER_OBJECT_CONVERSION = YES_AGGRESSIVE;
				CLANG_CXX_LANGUAGE_STANDARD = "gnu++20";
				CLANG_ENABLE_MODULES = YES;
				CLANG_ENABLE_OBJC_ARC = YES;
				CLANG_ENABLE_OBJC_WEAK = YES;
				CLANG_WARN_BLOCK_CAPTURE_AUTORELEASING = YES;
				CLANG_WARN_BOOL_CONVERSION = YES;
				CLANG_WARN_COMMA = YES;
				CLANG_WARN_CONSTANT_CONVERSION = YES;
				CLANG_WARN_DEPRECATED_OBJC_IMPLEMENTATIONS = YES;
				CLANG_WARN_DIRECT_OBJC_ISA_USAGE = YES_ERROR;
				CLANG_WARN_DOCUMENTATION_COMMENTS = YES;
				CLANG_WARN_EMPTY_BODY = YES;
				CLANG_WARN_ENUM_CONVERSION = YES;
				CLANG_WARN_INFINITE_RECURSION = YES;
				CLANG_WARN_INT_CONVERSION = YES;
				CLANG_WARN_NON_LITERAL_NULL_CONVERSION = YES;
				CLANG_WARN_OBJC_IMPLICIT_RETAIN_SELF = YES;
				CLANG_WARN_OBJC_LITERAL_CONVERSION = YES;
				CLANG_WARN_OBJC_ROOT_CLASS = YES_ERROR;
				CLANG_WARN_QUOTED_INCLUDE_IN_FRAMEWORK_HEADER = YES;
				CLANG_WARN_RANGE_LOOP_ANALYSIS = YES;
				CLANG_WARN_STRICT_PROTOTYPES = YES;
				CLANG_WARN_SUSPICIOUS_MOVE = YES;
				CLANG_WARN_UNGUARDED_AVAILABILITY = YES_AGGRESSIVE;
				CLANG_WARN_UNREACHABLE_CODE = YES;
				CLANG_WARN__DUPLICATE_METHOD_MATCH = YES;
				COPY_PHASE_STRIP = NO;
				DEBUG_INFORMATION_FORMAT = "dwarf-with-dsym";
				ENABLE_NS_ASSERTIONS = NO;
				ENABLE_STRICT_OBJC_MSGSEND = YES;
				ENABLE_USER_SCRIPT_SANDBOXING = YES;
				GCC_C_LANGUAGE_STANDARD = gnu17;
				GCC_NO_COMMON_BLOCKS = YES;
				GCC_WARN_64_TO_32_BIT_CONVERSION = YES;
				GCC_WARN_ABOUT_RETURN_TYPE = YES_ERROR;
				GCC_WARN_UNDECLARED_SELECTOR = YES;
				GCC_WARN_UNINITIALIZED_AUTOS = YES_AGGRESSIVE;
				GCC_WARN_UNUSED_FUNCTION = YES;
				GCC_WARN_UNUSED_VARIABLE = YES;
				LOCALIZATION_PREFERS_STRING_CATALOGS = YES;
				MTL_ENABLE_DEBUG_INFO = NO;
				MTL_FAST_MATH = YES;
				SWIFT_COMPILATION_MODE = wholemodule;
			};
			name = Release;
		};
		6E43B7132D8DF59700C2D4AA /* Debug */ = {
			isa = XCBuildConfiguration;
			buildSettings = {
				BUNDLE_LOADER = "$(TEST_HOST)";
				CODE_SIGN_STYLE = Automatic;
				CURRENT_PROJECT_VERSION = 1;
				DEVELOPMENT_TEAM = CRX49A77B2;
				GENERATE_INFOPLIST_FILE = YES;
				IPHONEOS_DEPLOYMENT_TARGET = 18.2;
				MACOSX_DEPLOYMENT_TARGET = 15.1;
				MARKETING_VERSION = 1.0;
				PRODUCT_BUNDLE_IDENTIFIER = rory.aidvisorsTests;
				PRODUCT_NAME = "$(TARGET_NAME)";
				SDKROOT = auto;
				SUPPORTED_PLATFORMS = "iphoneos iphonesimulator macosx xros xrsimulator";
				SWIFT_EMIT_LOC_STRINGS = NO;
				SWIFT_VERSION = 5.0;
				TARGETED_DEVICE_FAMILY = "1,2,7";
				TEST_HOST = "$(BUILT_PRODUCTS_DIR)/aidvisors.app/$(BUNDLE_EXECUTABLE_FOLDER_PATH)/aidvisors";
				XROS_DEPLOYMENT_TARGET = 2.2;
			};
			name = Debug;
		};
		6E43B7142D8DF59700C2D4AA /* Release */ = {
			isa = XCBuildConfiguration;
			buildSettings = {
				BUNDLE_LOADER = "$(TEST_HOST)";
				CODE_SIGN_STYLE = Automatic;
				CURRENT_PROJECT_VERSION = 1;
				DEVELOPMENT_TEAM = CRX49A77B2;
				GENERATE_INFOPLIST_FILE = YES;
				IPHONEOS_DEPLOYMENT_TARGET = 18.2;
				MACOSX_DEPLOYMENT_TARGET = 15.1;
				MARKETING_VERSION = 1.0;
				PRODUCT_BUNDLE_IDENTIFIER = rory.aidvisorsTests;
				PRODUCT_NAME = "$(TARGET_NAME)";
				SDKROOT = auto;
				SUPPORTED_PLATFORMS = "iphoneos iphonesimulator macosx xros xrsimulator";
				SWIFT_EMIT_LOC_STRINGS = NO;
				SWIFT_VERSION = 5.0;
				TARGETED_DEVICE_FAMILY = "1,2,7";
				TEST_HOST = "$(BUILT_PRODUCTS_DIR)/aidvisors.app/$(BUNDLE_EXECUTABLE_FOLDER_PATH)/aidvisors";
				XROS_DEPLOYMENT_TARGET = 2.2;
			};
			name = Release;
		};
		6E43B7162D8DF59700C2D4AA /* Debug */ = {
			isa = XCBuildConfiguration;
			buildSettings = {
				CODE_SIGN_STYLE = Automatic;
				CURRENT_PROJECT_VERSION = 1;
				DEVELOPMENT_TEAM = CRX49A77B2;
				GENERATE_INFOPLIST_FILE = YES;
				IPHONEOS_DEPLOYMENT_TARGET = 18.2;
				MACOSX_DEPLOYMENT_TARGET = 15.1;
				MARKETING_VERSION = 1.0;
				PRODUCT_BUNDLE_IDENTIFIER = rory.aidvisorsUITests;
				PRODUCT_NAME = "$(TARGET_NAME)";
				SDKROOT = auto;
				SUPPORTED_PLATFORMS = "iphoneos iphonesimulator macosx xros xrsimulator";
				SWIFT_EMIT_LOC_STRINGS = NO;
				SWIFT_VERSION = 5.0;
				TARGETED_DEVICE_FAMILY = "1,2,7";
				TEST_TARGET_NAME = aidvisors;
				XROS_DEPLOYMENT_TARGET = 2.2;
			};
			name = Debug;
		};
		6E43B7172D8DF59700C2D4AA /* Release */ = {
			isa = XCBuildConfiguration;
			buildSettings = {
				CODE_SIGN_STYLE = Automatic;
				CURRENT_PROJECT_VERSION = 1;
				DEVELOPMENT_TEAM = CRX49A77B2;
				GENERATE_INFOPLIST_FILE = YES;
				IPHONEOS_DEPLOYMENT_TARGET = 18.2;
				MACOSX_DEPLOYMENT_TARGET = 15.1;
				MARKETING_VERSION = 1.0;
				PRODUCT_BUNDLE_IDENTIFIER = rory.aidvisorsUITests;
				PRODUCT_NAME = "$(TARGET_NAME)";
				SDKROOT = auto;
				SUPPORTED_PLATFORMS = "iphoneos iphonesimulator macosx xros xrsimulator";
				SWIFT_EMIT_LOC_STRINGS = NO;
				SWIFT_VERSION = 5.0;
				TARGETED_DEVICE_FAMILY = "1,2,7";
				TEST_TARGET_NAME = aidvisors;
				XROS_DEPLOYMENT_TARGET = 2.2;
			};
			name = Release;
		};
/* End XCBuildConfiguration section */

/* Begin XCConfigurationList section */
		6E43B6E12D8DF59400C2D4AA /* Build configuration list for PBXProject "aidvisors" */ = {
			isa = XCConfigurationList;
			buildConfigurations = (
				6E43B7102D8DF59700C2D4AA /* Debug */,
				6E43B7112D8DF59700C2D4AA /* Release */,
			);
			defaultConfigurationIsVisible = 0;
			defaultConfigurationName = Release;
		};
		6E43B70D2D8DF59700C2D4AA /* Build configuration list for PBXNativeTarget "aidvisors" */ = {
			isa = XCConfigurationList;
			buildConfigurations = (
				6E43B70E2D8DF59700C2D4AA /* Debug */,
				6E43B70F2D8DF59700C2D4AA /* Release */,
			);
			defaultConfigurationIsVisible = 0;
			defaultConfigurationName = Release;
		};
		6E43B7122D8DF59700C2D4AA /* Build configuration list for PBXNativeTarget "aidvisorsTests" */ = {
			isa = XCConfigurationList;
			buildConfigurations = (
				6E43B7132D8DF59700C2D4AA /* Debug */,
				6E43B7142D8DF59700C2D4AA /* Release */,
			);
			defaultConfigurationIsVisible = 0;
			defaultConfigurationName = Release;
		};
		6E43B7152D8DF59700C2D4AA /* Build configuration list for PBXNativeTarget "aidvisorsUITests" */ = {
			isa = XCConfigurationList;
			buildConfigurations = (
				6E43B7162D8DF59700C2D4AA /* Debug */,
				6E43B7172D8DF59700C2D4AA /* Release */,
			);
			defaultConfigurationIsVisible = 0;
			defaultConfigurationName = Release;
		};
/* End XCConfigurationList section */
	};
	rootObject = 6E43B6DE2D8DF59400C2D4AA /* Project object */;
}
